// !$*UTF8*$!
{
	archiveVersion = 1;
	classes = {
	};
	objectVersion = 46;
	objects = {

/* Begin PBXBuildFile section */
		12ABF35EFF8F79362629648C /* libPods-newInternetServer.a in Frameworks */ = {isa = PBXBuildFile; fileRef = 61A8A0003C45AC77739660B2 /* libPods-newInternetServer.a */; };
		5D8268561C7EEB1B00986D5E /* main.m in Sources */ = {isa = PBXBuildFile; fileRef = 5D8268551C7EEB1B00986D5E /* main.m */; };
		5D8268591C7EEB1B00986D5E /* AppDelegate.m in Sources */ = {isa = PBXBuildFile; fileRef = 5D8268581C7EEB1B00986D5E /* AppDelegate.m */; };
		5D82685C1C7EEB1B00986D5E /* ViewController.m in Sources */ = {isa = PBXBuildFile; fileRef = 5D82685B1C7EEB1B00986D5E /* ViewController.m */; };
		5D82685F1C7EEB1B00986D5E /* Main.storyboard in Resources */ = {isa = PBXBuildFile; fileRef = 5D82685D1C7EEB1B00986D5E /* Main.storyboard */; };
		5D8268611C7EEB1B00986D5E /* Assets.xcassets in Resources */ = {isa = PBXBuildFile; fileRef = 5D8268601C7EEB1B00986D5E /* Assets.xcassets */; };
		5D8268641C7EEB1B00986D5E /* LaunchScreen.storyboard in Resources */ = {isa = PBXBuildFile; fileRef = 5D8268621C7EEB1B00986D5E /* LaunchScreen.storyboard */; };
		5D82686F1C7EEB1B00986D5E /* newInternetServerTests.m in Sources */ = {isa = PBXBuildFile; fileRef = 5D82686E1C7EEB1B00986D5E /* newInternetServerTests.m */; };
		5D82687C1C7EEC2700986D5E /* ServiceBase5_1_2.m in Sources */ = {isa = PBXBuildFile; fileRef = 5D82687B1C7EEC2700986D5E /* ServiceBase5_1_2.m */; };
		5D8268911C7EECF200986D5E /* AFHTTPRequestOperation.m in Sources */ = {isa = PBXBuildFile; fileRef = 5D82687F1C7EECF200986D5E /* AFHTTPRequestOperation.m */; };
		5D8268921C7EECF200986D5E /* AFHTTPRequestOperationManager.m in Sources */ = {isa = PBXBuildFile; fileRef = 5D8268811C7EECF200986D5E /* AFHTTPRequestOperationManager.m */; };
		5D8268931C7EECF200986D5E /* AFHTTPSessionManager.m in Sources */ = {isa = PBXBuildFile; fileRef = 5D8268831C7EECF200986D5E /* AFHTTPSessionManager.m */; };
		5D8268941C7EECF200986D5E /* AFNetworkReachabilityManager.m in Sources */ = {isa = PBXBuildFile; fileRef = 5D8268861C7EECF200986D5E /* AFNetworkReachabilityManager.m */; };
		5D8268951C7EECF200986D5E /* AFSecurityPolicy.m in Sources */ = {isa = PBXBuildFile; fileRef = 5D8268881C7EECF200986D5E /* AFSecurityPolicy.m */; };
		5D8268961C7EECF200986D5E /* AFURLConnectionOperation.m in Sources */ = {isa = PBXBuildFile; fileRef = 5D82688A1C7EECF200986D5E /* AFURLConnectionOperation.m */; };
		5D8268971C7EECF200986D5E /* AFURLRequestSerialization.m in Sources */ = {isa = PBXBuildFile; fileRef = 5D82688C1C7EECF200986D5E /* AFURLRequestSerialization.m */; };
		5D8268981C7EECF200986D5E /* AFURLResponseSerialization.m in Sources */ = {isa = PBXBuildFile; fileRef = 5D82688E1C7EECF200986D5E /* AFURLResponseSerialization.m */; };
		5D8268991C7EECF200986D5E /* AFURLSessionManager.m in Sources */ = {isa = PBXBuildFile; fileRef = 5D8268901C7EECF200986D5E /* AFURLSessionManager.m */; };
		5D82689C1C7EF33B00986D5E /* ExampleApi.m in Sources */ = {isa = PBXBuildFile; fileRef = 5D82689B1C7EF33B00986D5E /* ExampleApi.m */; };
		5D8268A21C7EFF2500986D5E /* MBProgressHUD+Add.m in Sources */ = {isa = PBXBuildFile; fileRef = 5D82689F1C7EFF2500986D5E /* MBProgressHUD+Add.m */; };
		5D8268A31C7EFF2500986D5E /* MBProgressHUD.m in Sources */ = {isa = PBXBuildFile; fileRef = 5D8268A11C7EFF2500986D5E /* MBProgressHUD.m */; };
		A103A893DDFF5C23BAF1DB4B /* libPods-newInternetServerTests.a in Frameworks */ = {isa = PBXBuildFile; fileRef = 1CD0B9D51D17A47EC395EE2F /* libPods-newInternetServerTests.a */; };
/* End PBXBuildFile section */

/* Begin PBXContainerItemProxy section */
		5D82686B1C7EEB1B00986D5E /* PBXContainerItemProxy */ = {
			isa = PBXContainerItemProxy;
			containerPortal = 5D8268491C7EEB1B00986D5E /* Project object */;
			proxyType = 1;
			remoteGlobalIDString = 5D8268501C7EEB1B00986D5E;
			remoteInfo = newInternetServer;
		};
/* End PBXContainerItemProxy section */

/* Begin PBXFileReference section */
		0797CC2F8A430EFB1F8BCA43 /* Pods-newInternetServerTests.release.xcconfig */ = {isa = PBXFileReference; includeInIndex = 1; lastKnownFileType = text.xcconfig; name = "Pods-newInternetServerTests.release.xcconfig"; path = "Pods/Target Support Files/Pods-newInternetServerTests/Pods-newInternetServerTests.release.xcconfig"; sourceTree = "<group>"; };
		1CD0B9D51D17A47EC395EE2F /* libPods-newInternetServerTests.a */ = {isa = PBXFileReference; explicitFileType = archive.ar; includeInIndex = 0; path = "libPods-newInternetServerTests.a"; sourceTree = BUILT_PRODUCTS_DIR; };
		42E048B3C5836D8694DD8109 /* Pods-newInternetServer.debug.xcconfig */ = {isa = PBXFileReference; includeInIndex = 1; lastKnownFileType = text.xcconfig; name = "Pods-newInternetServer.debug.xcconfig"; path = "Pods/Target Support Files/Pods-newInternetServer/Pods-newInternetServer.debug.xcconfig"; sourceTree = "<group>"; };
		5D8268511C7EEB1B00986D5E /* newInternetServer.app */ = {isa = PBXFileReference; explicitFileType = wrapper.application; includeInIndex = 0; path = newInternetServer.app; sourceTree = BUILT_PRODUCTS_DIR; };
		5D8268551C7EEB1B00986D5E /* main.m */ = {isa = PBXFileReference; lastKnownFileType = sourcecode.c.objc; path = main.m; sourceTree = "<group>"; };
		5D8268571C7EEB1B00986D5E /* AppDelegate.h */ = {isa = PBXFileReference; lastKnownFileType = sourcecode.c.h; path = AppDelegate.h; sourceTree = "<group>"; };
		5D8268581C7EEB1B00986D5E /* AppDelegate.m */ = {isa = PBXFileReference; lastKnownFileType = sourcecode.c.objc; path = AppDelegate.m; sourceTree = "<group>"; };
		5D82685A1C7EEB1B00986D5E /* ViewController.h */ = {isa = PBXFileReference; lastKnownFileType = sourcecode.c.h; path = ViewController.h; sourceTree = "<group>"; };
		5D82685B1C7EEB1B00986D5E /* ViewController.m */ = {isa = PBXFileReference; lastKnownFileType = sourcecode.c.objc; path = ViewController.m; sourceTree = "<group>"; };
		5D82685E1C7EEB1B00986D5E /* Base */ = {isa = PBXFileReference; lastKnownFileType = file.storyboard; name = Base; path = Base.lproj/Main.storyboard; sourceTree = "<group>"; };
		5D8268601C7EEB1B00986D5E /* Assets.xcassets */ = {isa = PBXFileReference; lastKnownFileType = folder.assetcatalog; path = Assets.xcassets; sourceTree = "<group>"; };
		5D8268631C7EEB1B00986D5E /* Base */ = {isa = PBXFileReference; lastKnownFileType = file.storyboard; name = Base; path = Base.lproj/LaunchScreen.storyboard; sourceTree = "<group>"; };
		5D8268651C7EEB1B00986D5E /* Info.plist */ = {isa = PBXFileReference; lastKnownFileType = text.plist.xml; path = Info.plist; sourceTree = "<group>"; };
		5D82686A1C7EEB1B00986D5E /* newInternetServerTests.xctest */ = {isa = PBXFileReference; explicitFileType = wrapper.cfbundle; includeInIndex = 0; path = newInternetServerTests.xctest; sourceTree = BUILT_PRODUCTS_DIR; };
		5D82686E1C7EEB1B00986D5E /* newInternetServerTests.m */ = {isa = PBXFileReference; lastKnownFileType = sourcecode.c.objc; path = newInternetServerTests.m; sourceTree = "<group>"; };
		5D8268701C7EEB1B00986D5E /* Info.plist */ = {isa = PBXFileReference; lastKnownFileType = text.plist.xml; path = Info.plist; sourceTree = "<group>"; };
		5D82687A1C7EEC2700986D5E /* ServiceBase5_1_2.h */ = {isa = PBXFileReference; fileEncoding = 4; lastKnownFileType = sourcecode.c.h; path = ServiceBase5_1_2.h; sourceTree = "<group>"; };
		5D82687B1C7EEC2700986D5E /* ServiceBase5_1_2.m */ = {isa = PBXFileReference; fileEncoding = 4; lastKnownFileType = sourcecode.c.objc; path = ServiceBase5_1_2.m; sourceTree = "<group>"; };
		5D82687E1C7EECF200986D5E /* AFHTTPRequestOperation.h */ = {isa = PBXFileReference; fileEncoding = 4; lastKnownFileType = sourcecode.c.h; path = AFHTTPRequestOperation.h; sourceTree = "<group>"; };
		5D82687F1C7EECF200986D5E /* AFHTTPRequestOperation.m */ = {isa = PBXFileReference; fileEncoding = 4; lastKnownFileType = sourcecode.c.objc; path = AFHTTPRequestOperation.m; sourceTree = "<group>"; };
		5D8268801C7EECF200986D5E /* AFHTTPRequestOperationManager.h */ = {isa = PBXFileReference; fileEncoding = 4; lastKnownFileType = sourcecode.c.h; path = AFHTTPRequestOperationManager.h; sourceTree = "<group>"; };
		5D8268811C7EECF200986D5E /* AFHTTPRequestOperationManager.m */ = {isa = PBXFileReference; fileEncoding = 4; lastKnownFileType = sourcecode.c.objc; path = AFHTTPRequestOperationManager.m; sourceTree = "<group>"; };
		5D8268821C7EECF200986D5E /* AFHTTPSessionManager.h */ = {isa = PBXFileReference; fileEncoding = 4; lastKnownFileType = sourcecode.c.h; path = AFHTTPSessionManager.h; sourceTree = "<group>"; };
		5D8268831C7EECF200986D5E /* AFHTTPSessionManager.m */ = {isa = PBXFileReference; fileEncoding = 4; lastKnownFileType = sourcecode.c.objc; path = AFHTTPSessionManager.m; sourceTree = "<group>"; };
		5D8268841C7EECF200986D5E /* AFNetworking.h */ = {isa = PBXFileReference; fileEncoding = 4; lastKnownFileType = sourcecode.c.h; path = AFNetworking.h; sourceTree = "<group>"; };
		5D8268851C7EECF200986D5E /* AFNetworkReachabilityManager.h */ = {isa = PBXFileReference; fileEncoding = 4; lastKnownFileType = sourcecode.c.h; path = AFNetworkReachabilityManager.h; sourceTree = "<group>"; };
		5D8268861C7EECF200986D5E /* AFNetworkReachabilityManager.m */ = {isa = PBXFileReference; fileEncoding = 4; lastKnownFileType = sourcecode.c.objc; path = AFNetworkReachabilityManager.m; sourceTree = "<group>"; };
		5D8268871C7EECF200986D5E /* AFSecurityPolicy.h */ = {isa = PBXFileReference; fileEncoding = 4; lastKnownFileType = sourcecode.c.h; path = AFSecurityPolicy.h; sourceTree = "<group>"; };
		5D8268881C7EECF200986D5E /* AFSecurityPolicy.m */ = {isa = PBXFileReference; fileEncoding = 4; lastKnownFileType = sourcecode.c.objc; path = AFSecurityPolicy.m; sourceTree = "<group>"; };
		5D8268891C7EECF200986D5E /* AFURLConnectionOperation.h */ = {isa = PBXFileReference; fileEncoding = 4; lastKnownFileType = sourcecode.c.h; path = AFURLConnectionOperation.h; sourceTree = "<group>"; };
		5D82688A1C7EECF200986D5E /* AFURLConnectionOperation.m */ = {isa = PBXFileReference; fileEncoding = 4; lastKnownFileType = sourcecode.c.objc; path = AFURLConnectionOperation.m; sourceTree = "<group>"; };
		5D82688B1C7EECF200986D5E /* AFURLRequestSerialization.h */ = {isa = PBXFileReference; fileEncoding = 4; lastKnownFileType = sourcecode.c.h; path = AFURLRequestSerialization.h; sourceTree = "<group>"; };
		5D82688C1C7EECF200986D5E /* AFURLRequestSerialization.m */ = {isa = PBXFileReference; fileEncoding = 4; lastKnownFileType = sourcecode.c.objc; path = AFURLRequestSerialization.m; sourceTree = "<group>"; };
		5D82688D1C7EECF200986D5E /* AFURLResponseSerialization.h */ = {isa = PBXFileReference; fileEncoding = 4; lastKnownFileType = sourcecode.c.h; path = AFURLResponseSerialization.h; sourceTree = "<group>"; };
		5D82688E1C7EECF200986D5E /* AFURLResponseSerialization.m */ = {isa = PBXFileReference; fileEncoding = 4; lastKnownFileType = sourcecode.c.objc; path = AFURLResponseSerialization.m; sourceTree = "<group>"; };
		5D82688F1C7EECF200986D5E /* AFURLSessionManager.h */ = {isa = PBXFileReference; fileEncoding = 4; lastKnownFileType = sourcecode.c.h; path = AFURLSessionManager.h; sourceTree = "<group>"; };
		5D8268901C7EECF200986D5E /* AFURLSessionManager.m */ = {isa = PBXFileReference; fileEncoding = 4; lastKnownFileType = sourcecode.c.objc; path = AFURLSessionManager.m; sourceTree = "<group>"; };
		5D82689A1C7EF33B00986D5E /* ExampleApi.h */ = {isa = PBXFileReference; fileEncoding = 4; lastKnownFileType = sourcecode.c.h; path = ExampleApi.h; sourceTree = "<group>"; };
		5D82689B1C7EF33B00986D5E /* ExampleApi.m */ = {isa = PBXFileReference; fileEncoding = 4; lastKnownFileType = sourcecode.c.objc; path = ExampleApi.m; sourceTree = "<group>"; };
		5D82689E1C7EFF2500986D5E /* MBProgressHUD+Add.h */ = {isa = PBXFileReference; fileEncoding = 4; lastKnownFileType = sourcecode.c.h; path = "MBProgressHUD+Add.h"; sourceTree = "<group>"; };
		5D82689F1C7EFF2500986D5E /* MBProgressHUD+Add.m */ = {isa = PBXFileReference; fileEncoding = 4; lastKnownFileType = sourcecode.c.objc; path = "MBProgressHUD+Add.m"; sourceTree = "<group>"; };
		5D8268A01C7EFF2500986D5E /* MBProgressHUD.h */ = {isa = PBXFileReference; fileEncoding = 4; lastKnownFileType = sourcecode.c.h; path = MBProgressHUD.h; sourceTree = "<group>"; };
		5D8268A11C7EFF2500986D5E /* MBProgressHUD.m */ = {isa = PBXFileReference; fileEncoding = 4; lastKnownFileType = sourcecode.c.objc; path = MBProgressHUD.m; sourceTree = "<group>"; };
		61A8A0003C45AC77739660B2 /* libPods-newInternetServer.a */ = {isa = PBXFileReference; explicitFileType = archive.ar; includeInIndex = 0; path = "libPods-newInternetServer.a"; sourceTree = BUILT_PRODUCTS_DIR; };
		DCA85355BCC046A4B8D5F4ED /* Pods-newInternetServerTests.debug.xcconfig */ = {isa = PBXFileReference; includeInIndex = 1; lastKnownFileType = text.xcconfig; name = "Pods-newInternetServerTests.debug.xcconfig"; path = "Pods/Target Support Files/Pods-newInternetServerTests/Pods-newInternetServerTests.debug.xcconfig"; sourceTree = "<group>"; };
		E82B5379A5B74970F23BD965 /* Pods-newInternetServer.release.xcconfig */ = {isa = PBXFileReference; includeInIndex = 1; lastKnownFileType = text.xcconfig; name = "Pods-newInternetServer.release.xcconfig"; path = "Pods/Target Support Files/Pods-newInternetServer/Pods-newInternetServer.release.xcconfig"; sourceTree = "<group>"; };
/* End PBXFileReference section */

/* Begin PBXFrameworksBuildPhase section */
		5D82684E1C7EEB1B00986D5E /* Frameworks */ = {
			isa = PBXFrameworksBuildPhase;
			buildActionMask = 2147483647;
			files = (
				12ABF35EFF8F79362629648C /* libPods-newInternetServer.a in Frameworks */,
			);
			runOnlyForDeploymentPostprocessing = 0;
		};
		5D8268671C7EEB1B00986D5E /* Frameworks */ = {
			isa = PBXFrameworksBuildPhase;
			buildActionMask = 2147483647;
			files = (
				A103A893DDFF5C23BAF1DB4B /* libPods-newInternetServerTests.a in Frameworks */,
			);
			runOnlyForDeploymentPostprocessing = 0;
		};
/* End PBXFrameworksBuildPhase section */

/* Begin PBXGroup section */
		5D8268481C7EEB1B00986D5E = {
			isa = PBXGroup;
			children = (
				5D8268531C7EEB1B00986D5E /* newInternetServer */,
				5D82686D1C7EEB1B00986D5E /* newInternetServerTests */,
				5D8268521C7EEB1B00986D5E /* Products */,
				E0BA3591C9ECA02B3C217777 /* Pods */,
				EF6E578303CF892DF86ED5AE /* Frameworks */,
			);
			sourceTree = "<group>";
		};
		5D8268521C7EEB1B00986D5E /* Products */ = {
			isa = PBXGroup;
			children = (
				5D8268511C7EEB1B00986D5E /* newInternetServer.app */,
				5D82686A1C7EEB1B00986D5E /* newInternetServerTests.xctest */,
			);
			name = Products;
			sourceTree = "<group>";
		};
		5D8268531C7EEB1B00986D5E /* newInternetServer */ = {
			isa = PBXGroup;
			children = (
				5D82689D1C7EFF2500986D5E /* MBProgressHUD */,
				5D82687D1C7EECF200986D5E /* AFNetworking */,
				5D8268791C7EEC2700986D5E /* Servicebase */,
				5D8268571C7EEB1B00986D5E /* AppDelegate.h */,
				5D8268581C7EEB1B00986D5E /* AppDelegate.m */,
				5D82685A1C7EEB1B00986D5E /* ViewController.h */,
				5D82685B1C7EEB1B00986D5E /* ViewController.m */,
				5D82685D1C7EEB1B00986D5E /* Main.storyboard */,
				5D8268601C7EEB1B00986D5E /* Assets.xcassets */,
				5D8268621C7EEB1B00986D5E /* LaunchScreen.storyboard */,
				5D8268651C7EEB1B00986D5E /* Info.plist */,
				5D8268541C7EEB1B00986D5E /* Supporting Files */,
			);
			path = newInternetServer;
			sourceTree = "<group>";
		};
		5D8268541C7EEB1B00986D5E /* Supporting Files */ = {
			isa = PBXGroup;
			children = (
				5D8268551C7EEB1B00986D5E /* main.m */,
			);
			name = "Supporting Files";
			sourceTree = "<group>";
		};
		5D82686D1C7EEB1B00986D5E /* newInternetServerTests */ = {
			isa = PBXGroup;
			children = (
				5D82686E1C7EEB1B00986D5E /* newInternetServerTests.m */,
				5D8268701C7EEB1B00986D5E /* Info.plist */,
			);
			path = newInternetServerTests;
			sourceTree = "<group>";
		};
		5D8268791C7EEC2700986D5E /* Servicebase */ = {
			isa = PBXGroup;
			children = (
				5D82687A1C7EEC2700986D5E /* ServiceBase5_1_2.h */,
				5D82687B1C7EEC2700986D5E /* ServiceBase5_1_2.m */,
				5D82689A1C7EF33B00986D5E /* ExampleApi.h */,
				5D82689B1C7EF33B00986D5E /* ExampleApi.m */,
			);
			path = Servicebase;
			sourceTree = "<group>";
		};
		5D82687D1C7EECF200986D5E /* AFNetworking */ = {
			isa = PBXGroup;
			children = (
				5D82687E1C7EECF200986D5E /* AFHTTPRequestOperation.h */,
				5D82687F1C7EECF200986D5E /* AFHTTPRequestOperation.m */,
				5D8268801C7EECF200986D5E /* AFHTTPRequestOperationManager.h */,
				5D8268811C7EECF200986D5E /* AFHTTPRequestOperationManager.m */,
				5D8268821C7EECF200986D5E /* AFHTTPSessionManager.h */,
				5D8268831C7EECF200986D5E /* AFHTTPSessionManager.m */,
				5D8268841C7EECF200986D5E /* AFNetworking.h */,
				5D8268851C7EECF200986D5E /* AFNetworkReachabilityManager.h */,
				5D8268861C7EECF200986D5E /* AFNetworkReachabilityManager.m */,
				5D8268871C7EECF200986D5E /* AFSecurityPolicy.h */,
				5D8268881C7EECF200986D5E /* AFSecurityPolicy.m */,
				5D8268891C7EECF200986D5E /* AFURLConnectionOperation.h */,
				5D82688A1C7EECF200986D5E /* AFURLConnectionOperation.m */,
				5D82688B1C7EECF200986D5E /* AFURLRequestSerialization.h */,
				5D82688C1C7EECF200986D5E /* AFURLRequestSerialization.m */,
				5D82688D1C7EECF200986D5E /* AFURLResponseSerialization.h */,
				5D82688E1C7EECF200986D5E /* AFURLResponseSerialization.m */,
				5D82688F1C7EECF200986D5E /* AFURLSessionManager.h */,
				5D8268901C7EECF200986D5E /* AFURLSessionManager.m */,
			);
			path = AFNetworking;
			sourceTree = "<group>";
		};
		5D82689D1C7EFF2500986D5E /* MBProgressHUD */ = {
			isa = PBXGroup;
			children = (
				5D82689E1C7EFF2500986D5E /* MBProgressHUD+Add.h */,
				5D82689F1C7EFF2500986D5E /* MBProgressHUD+Add.m */,
				5D8268A01C7EFF2500986D5E /* MBProgressHUD.h */,
				5D8268A11C7EFF2500986D5E /* MBProgressHUD.m */,
			);
			path = MBProgressHUD;
			sourceTree = "<group>";
		};
		E0BA3591C9ECA02B3C217777 /* Pods */ = {
			isa = PBXGroup;
			children = (
				42E048B3C5836D8694DD8109 /* Pods-newInternetServer.debug.xcconfig */,
				E82B5379A5B74970F23BD965 /* Pods-newInternetServer.release.xcconfig */,
				DCA85355BCC046A4B8D5F4ED /* Pods-newInternetServerTests.debug.xcconfig */,
				0797CC2F8A430EFB1F8BCA43 /* Pods-newInternetServerTests.release.xcconfig */,
			);
			name = Pods;
			sourceTree = "<group>";
		};
		EF6E578303CF892DF86ED5AE /* Frameworks */ = {
			isa = PBXGroup;
			children = (
				61A8A0003C45AC77739660B2 /* libPods-newInternetServer.a */,
				1CD0B9D51D17A47EC395EE2F /* libPods-newInternetServerTests.a */,
			);
			name = Frameworks;
			sourceTree = "<group>";
		};
/* End PBXGroup section */

/* Begin PBXNativeTarget section */
		5D8268501C7EEB1B00986D5E /* newInternetServer */ = {
			isa = PBXNativeTarget;
			buildConfigurationList = 5D8268731C7EEB1B00986D5E /* Build configuration list for PBXNativeTarget "newInternetServer" */;
			buildPhases = (
				F446EB8C3EF13CA6E6274B51 /* [CP] Check Pods Manifest.lock */,
				5D82684D1C7EEB1B00986D5E /* Sources */,
				5D82684E1C7EEB1B00986D5E /* Frameworks */,
				5D82684F1C7EEB1B00986D5E /* Resources */,
				6ECEC8509C4991979E78C1F7 /* [CP] Embed Pods Frameworks */,
				3C278FDCDC44C81252B8F450 /* [CP] Copy Pods Resources */,
			);
			buildRules = (
			);
			dependencies = (
			);
			name = newInternetServer;
			productName = newInternetServer;
			productReference = 5D8268511C7EEB1B00986D5E /* newInternetServer.app */;
			productType = "com.apple.product-type.application";
		};
		5D8268691C7EEB1B00986D5E /* newInternetServerTests */ = {
			isa = PBXNativeTarget;
			buildConfigurationList = 5D8268761C7EEB1B00986D5E /* Build configuration list for PBXNativeTarget "newInternetServerTests" */;
			buildPhases = (
				23AF5F9706293F7452329E0E /* [CP] Check Pods Manifest.lock */,
				5D8268661C7EEB1B00986D5E /* Sources */,
				5D8268671C7EEB1B00986D5E /* Frameworks */,
				5D8268681C7EEB1B00986D5E /* Resources */,
				F1BD60804A4CA41D96A673F1 /* [CP] Embed Pods Frameworks */,
				BFF28915ED15CB43D26E8ACC /* [CP] Copy Pods Resources */,
			);
			buildRules = (
			);
			dependencies = (
				5D82686C1C7EEB1B00986D5E /* PBXTargetDependency */,
			);
			name = newInternetServerTests;
			productName = newInternetServerTests;
			productReference = 5D82686A1C7EEB1B00986D5E /* newInternetServerTests.xctest */;
			productType = "com.apple.product-type.bundle.unit-test";
		};
/* End PBXNativeTarget section */

/* Begin PBXProject section */
		5D8268491C7EEB1B00986D5E /* Project object */ = {
			isa = PBXProject;
			attributes = {
				LastUpgradeCheck = 0720;
				ORGANIZATIONNAME = xikang;
				TargetAttributes = {
					5D8268501C7EEB1B00986D5E = {
						CreatedOnToolsVersion = 7.2;
					};
					5D8268691C7EEB1B00986D5E = {
						CreatedOnToolsVersion = 7.2;
						TestTargetID = 5D8268501C7EEB1B00986D5E;
					};
				};
			};
			buildConfigurationList = 5D82684C1C7EEB1B00986D5E /* Build configuration list for PBXProject "newInternetServer" */;
			compatibilityVersion = "Xcode 3.2";
			developmentRegion = English;
			hasScannedForEncodings = 0;
			knownRegions = (
				en,
				Base,
			);
			mainGroup = 5D8268481C7EEB1B00986D5E;
			productRefGroup = 5D8268521C7EEB1B00986D5E /* Products */;
			projectDirPath = "";
			projectRoot = "";
			targets = (
				5D8268501C7EEB1B00986D5E /* newInternetServer */,
				5D8268691C7EEB1B00986D5E /* newInternetServerTests */,
			);
		};
/* End PBXProject section */

/* Begin PBXResourcesBuildPhase section */
		5D82684F1C7EEB1B00986D5E /* Resources */ = {
			isa = PBXResourcesBuildPhase;
			buildActionMask = 2147483647;
			files = (
				5D8268641C7EEB1B00986D5E /* LaunchScreen.storyboard in Resources */,
				5D8268611C7EEB1B00986D5E /* Assets.xcassets in Resources */,
				5D82685F1C7EEB1B00986D5E /* Main.storyboard in Resources */,
			);
			runOnlyForDeploymentPostprocessing = 0;
		};
		5D8268681C7EEB1B00986D5E /* Resources */ = {
			isa = PBXResourcesBuildPhase;
			buildActionMask = 2147483647;
			files = (
			);
			runOnlyForDeploymentPostprocessing = 0;
		};
/* End PBXResourcesBuildPhase section */

/* Begin PBXShellScriptBuildPhase section */
		23AF5F9706293F7452329E0E /* [CP] Check Pods Manifest.lock */ = {
			isa = PBXShellScriptBuildPhase;
			buildActionMask = 2147483647;
			files = (
			);
			inputPaths = (
			);
			name = "[CP] Check Pods Manifest.lock";
			outputPaths = (
			);
			runOnlyForDeploymentPostprocessing = 0;
			shellPath = /bin/sh;
			shellScript = "diff \"${PODS_ROOT}/../Podfile.lock\" \"${PODS_ROOT}/Manifest.lock\" > /dev/null\nif [ $? != 0 ] ; then\n    # print error to STDERR\n    echo \"error: The sandbox is not in sync with the Podfile.lock. Run 'pod install' or update your CocoaPods installation.\" >&2\n    exit 1\nfi\n";
			showEnvVarsInLog = 0;
		};
		3C278FDCDC44C81252B8F450 /* [CP] Copy Pods Resources */ = {
			isa = PBXShellScriptBuildPhase;
			buildActionMask = 2147483647;
			files = (
			);
			inputPaths = (
			);
			name = "[CP] Copy Pods Resources";
			outputPaths = (
			);
			runOnlyForDeploymentPostprocessing = 0;
			shellPath = /bin/sh;
			shellScript = "\"${SRCROOT}/Pods/Target Support Files/Pods-newInternetServer/Pods-newInternetServer-resources.sh\"\n";
			showEnvVarsInLog = 0;
		};
		6ECEC8509C4991979E78C1F7 /* [CP] Embed Pods Frameworks */ = {
			isa = PBXShellScriptBuildPhase;
			buildActionMask = 2147483647;
			files = (
			);
			inputPaths = (
			);
			name = "[CP] Embed Pods Frameworks";
			outputPaths = (
			);
			runOnlyForDeploymentPostprocessing = 0;
			shellPath = /bin/sh;
			shellScript = "\"${SRCROOT}/Pods/Target Support Files/Pods-newInternetServer/Pods-newInternetServer-frameworks.sh\"\n";
			showEnvVarsInLog = 0;
		};
		BFF28915ED15CB43D26E8ACC /* [CP] Copy Pods Resources */ = {
			isa = PBXShellScriptBuildPhase;
			buildActionMask = 2147483647;
			files = (
			);
			inputPaths = (
			);
			name = "[CP] Copy Pods Resources";
			outputPaths = (
			);
			runOnlyForDeploymentPostprocessing = 0;
			shellPath = /bin/sh;
			shellScript = "\"${SRCROOT}/Pods/Target Support Files/Pods-newInternetServerTests/Pods-newInternetServerTests-resources.sh\"\n";
			showEnvVarsInLog = 0;
		};
		F1BD60804A4CA41D96A673F1 /* [CP] Embed Pods Frameworks */ = {
			isa = PBXShellScriptBuildPhase;
			buildActionMask = 2147483647;
			files = (
			);
			inputPaths = (
			);
			name = "[CP] Embed Pods Frameworks";
			outputPaths = (
			);
			runOnlyForDeploymentPostprocessing = 0;
			shellPath = /bin/sh;
			shellScript = "\"${SRCROOT}/Pods/Target Support Files/Pods-newInternetServerTests/Pods-newInternetServerTests-frameworks.sh\"\n";
			showEnvVarsInLog = 0;
		};
		F446EB8C3EF13CA6E6274B51 /* [CP] Check Pods Manifest.lock */ = {
			isa = PBXShellScriptBuildPhase;
			buildActionMask = 2147483647;
			files = (
			);
			inputPaths = (
			);
			name = "[CP] Check Pods Manifest.lock";
			outputPaths = (
			);
			runOnlyForDeploymentPostprocessing = 0;
			shellPath = /bin/sh;
			shellScript = "diff \"${PODS_ROOT}/../Podfile.lock\" \"${PODS_ROOT}/Manifest.lock\" > /dev/null\nif [ $? != 0 ] ; then\n    # print error to STDERR\n    echo \"error: The sandbox is not in sync with the Podfile.lock. Run 'pod install' or update your CocoaPods installation.\" >&2\n    exit 1\nfi\n";
			showEnvVarsInLog = 0;
		};
/* End PBXShellScriptBuildPhase section */

/* Begin PBXSourcesBuildPhase section */
		5D82684D1C7EEB1B00986D5E /* Sources */ = {
			isa = PBXSourcesBuildPhase;
			buildActionMask = 2147483647;
			files = (
				5D82685C1C7EEB1B00986D5E /* ViewController.m in Sources */,
				5D8268951C7EECF200986D5E /* AFSecurityPolicy.m in Sources */,
				5D8268591C7EEB1B00986D5E /* AppDelegate.m in Sources */,
				5D8268921C7EECF200986D5E /* AFHTTPRequestOperationManager.m in Sources */,
				5D8268961C7EECF200986D5E /* AFURLConnectionOperation.m in Sources */,
				5D8268911C7EECF200986D5E /* AFHTTPRequestOperation.m in Sources */,
				5D8268561C7EEB1B00986D5E /* main.m in Sources */,
				5D8268A21C7EFF2500986D5E /* MBProgressHUD+Add.m in Sources */,
				5D8268971C7EECF200986D5E /* AFURLRequestSerialization.m in Sources */,
				5D8268931C7EECF200986D5E /* AFHTTPSessionManager.m in Sources */,
				5D82689C1C7EF33B00986D5E /* ExampleApi.m in Sources */,
				5D8268941C7EECF200986D5E /* AFNetworkReachabilityManager.m in Sources */,
				5D8268981C7EECF200986D5E /* AFURLResponseSerialization.m in Sources */,
				5D8268991C7EECF200986D5E /* AFURLSessionManager.m in Sources */,
				5D82687C1C7EEC2700986D5E /* ServiceBase5_1_2.m in Sources */,
				5D8268A31C7EFF2500986D5E /* MBProgressHUD.m in Sources */,
			);
			runOnlyForDeploymentPostprocessing = 0;
		};
		5D8268661C7EEB1B00986D5E /* Sources */ = {
			isa = PBXSourcesBuildPhase;
			buildActionMask = 2147483647;
			files = (
				5D82686F1C7EEB1B00986D5E /* newInternetServerTests.m in Sources */,
			);
			runOnlyForDeploymentPostprocessing = 0;
		};
/* End PBXSourcesBuildPhase section */

/* Begin PBXTargetDependency section */
		5D82686C1C7EEB1B00986D5E /* PBXTargetDependency */ = {
			isa = PBXTargetDependency;
			target = 5D8268501C7EEB1B00986D5E /* newInternetServer */;
			targetProxy = 5D82686B1C7EEB1B00986D5E /* PBXContainerItemProxy */;
		};
/* End PBXTargetDependency section */

/* Begin PBXVariantGroup section */
		5D82685D1C7EEB1B00986D5E /* Main.storyboard */ = {
			isa = PBXVariantGroup;
			children = (
				5D82685E1C7EEB1B00986D5E /* Base */,
			);
			name = Main.storyboard;
			sourceTree = "<group>";
		};
		5D8268621C7EEB1B00986D5E /* LaunchScreen.storyboard */ = {
			isa = PBXVariantGroup;
			children = (
				5D8268631C7EEB1B00986D5E /* Base */,
			);
			name = LaunchScreen.storyboard;
			sourceTree = "<group>";
		};
/* End PBXVariantGroup section */

/* Begin XCBuildConfiguration section */
		5D8268711C7EEB1B00986D5E /* Debug */ = {
			isa = XCBuildConfiguration;
			buildSettings = {
				ALWAYS_SEARCH_USER_PATHS = NO;
				CLANG_CXX_LANGUAGE_STANDARD = "gnu++0x";
				CLANG_CXX_LIBRARY = "libc++";
				CLANG_ENABLE_MODULES = YES;
				CLANG_ENABLE_OBJC_ARC = YES;
				CLANG_WARN_BOOL_CONVERSION = YES;
				CLANG_WARN_CONSTANT_CONVERSION = YES;
				CLANG_WARN_DIRECT_OBJC_ISA_USAGE = YES_ERROR;
				CLANG_WARN_EMPTY_BODY = YES;
				CLANG_WARN_ENUM_CONVERSION = YES;
				CLANG_WARN_INT_CONVERSION = YES;
				CLANG_WARN_OBJC_ROOT_CLASS = YES_ERROR;
				CLANG_WARN_UNREACHABLE_CODE = YES;
				CLANG_WARN__DUPLICATE_METHOD_MATCH = YES;
				"CODE_SIGN_IDENTITY[sdk=iphoneos*]" = "iPhone Developer";
				COPY_PHASE_STRIP = NO;
				DEBUG_INFORMATION_FORMAT = dwarf;
				ENABLE_STRICT_OBJC_MSGSEND = YES;
				ENABLE_TESTABILITY = YES;
				GCC_C_LANGUAGE_STANDARD = gnu99;
				GCC_DYNAMIC_NO_PIC = NO;
				GCC_NO_COMMON_BLOCKS = YES;
				GCC_OPTIMIZATION_LEVEL = 0;
				GCC_PREPROCESSOR_DEFINITIONS = (
					"DEBUG=1",
					"$(inherited)",
				);
				GCC_WARN_64_TO_32_BIT_CONVERSION = YES;
				GCC_WARN_ABOUT_RETURN_TYPE = YES_ERROR;
				GCC_WARN_UNDECLARED_SELECTOR = YES;
				GCC_WARN_UNINITIALIZED_AUTOS = YES_AGGRESSIVE;
				GCC_WARN_UNUSED_FUNCTION = YES;
				GCC_WARN_UNUSED_VARIABLE = YES;
				IPHONEOS_DEPLOYMENT_TARGET = 9.2;
				MTL_ENABLE_DEBUG_INFO = YES;
				ONLY_ACTIVE_ARCH = YES;
				SDKROOT = iphoneos;
				TARGETED_DEVICE_FAMILY = "1,2";
			};
			name = Debug;
		};
		5D8268721C7EEB1B00986D5E /* Release */ = {
			isa = XCBuildConfiguration;
			buildSettings = {
				ALWAYS_SEARCH_USER_PATHS = NO;
				CLANG_CXX_LANGUAGE_STANDARD = "gnu++0x";
				CLANG_CXX_LIBRARY = "libc++";
				CLANG_ENABLE_MODULES = YES;
				CLANG_ENABLE_OBJC_ARC = YES;
				CLANG_WARN_BOOL_CONVERSION = YES;
				CLANG_WARN_CONSTANT_CONVERSION = YES;
				CLANG_WARN_DIRECT_OBJC_ISA_USAGE = YES_ERROR;
				CLANG_WARN_EMPTY_BODY = YES;
				CLANG_WARN_ENUM_CONVERSION = YES;
				CLANG_WARN_INT_CONVERSION = YES;
				CLANG_WARN_OBJC_ROOT_CLASS = YES_ERROR;
				CLANG_WARN_UNREACHABLE_CODE = YES;
				CLANG_WARN__DUPLICATE_METHOD_MATCH = YES;
				"CODE_SIGN_IDENTITY[sdk=iphoneos*]" = "iPhone Developer";
				COPY_PHASE_STRIP = NO;
				DEBUG_INFORMATION_FORMAT = "dwarf-with-dsym";
				ENABLE_NS_ASSERTIONS = NO;
				ENABLE_STRICT_OBJC_MSGSEND = YES;
				GCC_C_LANGUAGE_STANDARD = gnu99;
				GCC_NO_COMMON_BLOCKS = YES;
				GCC_WARN_64_TO_32_BIT_CONVERSION = YES;
				GCC_WARN_ABOUT_RETURN_TYPE = YES_ERROR;
				GCC_WARN_UNDECLARED_SELECTOR = YES;
				GCC_WARN_UNINITIALIZED_AUTOS = YES_AGGRESSIVE;
				GCC_WARN_UNUSED_FUNCTION = YES;
				GCC_WARN_UNUSED_VARIABLE = YES;
				IPHONEOS_DEPLOYMENT_TARGET = 9.2;
				MTL_ENABLE_DEBUG_INFO = NO;
				SDKROOT = iphoneos;
				TARGETED_DEVICE_FAMILY = "1,2";
				VALIDATE_PRODUCT = YES;
			};
			name = Release;
		};
		5D8268741C7EEB1B00986D5E /* Debug */ = {
			isa = XCBuildConfiguration;
			baseConfigurationReference = 42E048B3C5836D8694DD8109 /* Pods-newInternetServer.debug.xcconfig */;
			buildSettings = {
				ASSETCATALOG_COMPILER_APPICON_NAME = AppIcon;
				INFOPLIST_FILE = newInternetServer/Info.plist;
				LD_RUNPATH_SEARCH_PATHS = "$(inherited) @executable_path/Frameworks";
				PRODUCT_BUNDLE_IDENTIFIER = com.xikang.newInternetServer;
				PRODUCT_NAME = "$(TARGET_NAME)";
			};
			name = Debug;
		};
		5D8268751C7EEB1B00986D5E /* Release */ = {
			isa = XCBuildConfiguration;
			baseConfigurationReference = E82B5379A5B74970F23BD965 /* Pods-newInternetServer.release.xcconfig */;
			buildSettings = {
				ASSETCATALOG_COMPILER_APPICON_NAME = AppIcon;
				INFOPLIST_FILE = newInternetServer/Info.plist;
				LD_RUNPATH_SEARCH_PATHS = "$(inherited) @executable_path/Frameworks";
				PRODUCT_BUNDLE_IDENTIFIER = com.xikang.newInternetServer;
				PRODUCT_NAME = "$(TARGET_NAME)";
			};
			name = Release;
		};
		5D8268771C7EEB1B00986D5E /* Debug */ = {
			isa = XCBuildConfiguration;
			baseConfigurationReference = DCA85355BCC046A4B8D5F4ED /* Pods-newInternetServerTests.debug.xcconfig */;
			buildSettings = {
				BUNDLE_LOADER = "$(TEST_HOST)";
				INFOPLIST_FILE = newInternetServerTests/Info.plist;
				LD_RUNPATH_SEARCH_PATHS = "$(inherited) @executable_path/Frameworks @loader_path/Frameworks";
				PRODUCT_BUNDLE_IDENTIFIER = com.xikang.newInternetServerTests;
				PRODUCT_NAME = "$(TARGET_NAME)";
				TEST_HOST = "$(BUILT_PRODUCTS_DIR)/newInternetServer.app/newInternetServer";
			};
			name = Debug;
		};
		5D8268781C7EEB1B00986D5E /* Release */ = {
			isa = XCBuildConfiguration;
			baseConfigurationReference = 0797CC2F8A430EFB1F8BCA43 /* Pods-newInternetServerTests.release.xcconfig */;
			buildSettings = {
				BUNDLE_LOADER = "$(TEST_HOST)";
				INFOPLIST_FILE = newInternetServerTests/Info.plist;
				LD_RUNPATH_SEARCH_PATHS = "$(inherited) @executable_path/Frameworks @loader_path/Frameworks";
				PRODUCT_BUNDLE_IDENTIFIER = com.xikang.newInternetServerTests;
				PRODUCT_NAME = "$(TARGET_NAME)";
				TEST_HOST = "$(BUILT_PRODUCTS_DIR)/newInternetServer.app/newInternetServer";
			};
			name = Release;
		};
/* End XCBuildConfiguration section */

/* Begin XCConfigurationList section */
		5D82684C1C7EEB1B00986D5E /* Build configuration list for PBXProject "newInternetServer" */ = {
			isa = XCConfigurationList;
			buildConfigurations = (
				5D8268711C7EEB1B00986D5E /* Debug */,
				5D8268721C7EEB1B00986D5E /* Release */,
			);
			defaultConfigurationIsVisible = 0;
			defaultConfigurationName = Release;
		};
		5D8268731C7EEB1B00986D5E /* Build configuration list for PBXNativeTarget "newInternetServer" */ = {
			isa = XCConfigurationList;
			buildConfigurations = (
				5D8268741C7EEB1B00986D5E /* Debug */,
				5D8268751C7EEB1B00986D5E /* Release */,
			);
			defaultConfigurationIsVisible = 0;
			defaultConfigurationName = Release;
		};
		5D8268761C7EEB1B00986D5E /* Build configuration list for PBXNativeTarget "newInternetServerTests" */ = {
			isa = XCConfigurationList;
			buildConfigurations = (
				5D8268771C7EEB1B00986D5E /* Debug */,
				5D8268781C7EEB1B00986D5E /* Release */,
			);
			defaultConfigurationIsVisible = 0;
			defaultConfigurationName = Release;
		};
/* End XCConfigurationList section */
	};
	rootObject = 5D8268491C7EEB1B00986D5E /* Project object */;
}
